
Microsoft Visual Studio Solution File, Format Version 12.00
# Visual Studio Version 16
VisualStudioVersion = 16.0.29519.181
MinimumVisualStudioVersion = 10.0.40219.1
Project("{FAE04EC0-301F-11D3-BF4B-00C04F79EFBC}") = "Customer Bill", "Customer Bill\Customer Bill.csproj", "{BA4A59C9-7EC8-45D6-98DB-B5E0BC412851}"
EndProject
Project("{FAE04EC0-301F-11D3-BF4B-00C04F79EFBC}") = "CustomerData", "CustomerData\CustomerData.csproj", "{0AB01414-ED6E-45D2-B855-327A40993AF6}"
EndProject
Project("{FAE04EC0-301F-11D3-BF4B-00C04F79EFBC}") = "CustomerDataTests", "CustomerDataTests\CustomerDataTests.csproj", "{6FAAFB6A-00E9-4275-9C54-B391683956D5}"
EndProject
Global
	GlobalSection(SolutionConfigurationPlatforms) = preSolution
		Debug|Any CPU = Debug|Any CPU
		Release|Any CPU = Release|Any CPU
	EndGlobalSection
	GlobalSection(ProjectConfigurationPlatforms) = postSolution
		{BA4A59C9-7EC8-45D6-98DB-B5E0BC412851}.Debug|Any CPU.ActiveCfg = Debug|Any CPU
		{BA4A59C9-7EC8-45D6-98DB-B5E0BC412851}.Debug|Any CPU.Build.0 = Debug|Any CPU
		{BA4A59C9-7EC8-45D6-98DB-B5E0BC412851}.Release|Any CPU.ActiveCfg = Release|Any CPU
		{BA4A59C9-7EC8-45D6-98DB-B5E0BC412851}.Release|Any CPU.Build.0 = Release|Any CPU
		{0AB01414-ED6E-45D2-B855-327A40993AF6}.Debug|Any CPU.ActiveCfg = Debug|Any CPU
		{0AB01414-ED6E-45D2-B855-327A40993AF6}.Debug|Any CPU.Build.0 = Debug|Any CPU
		{0AB01414-ED6E-45D2-B855-327A40993AF6}.Release|Any CPU.ActiveCfg = Release|Any CPU
		{0AB01414-ED6E-45D2-B855-327A40993AF6}.Release|Any CPU.Build.0 = Release|Any CPU
		{6FAAFB6A-00E9-4275-9C54-B391683956D5}.Debug|Any CPU.ActiveCfg = Debug|Any CPU
		{6FAAFB6A-00E9-4275-9C54-B391683956D5}.Debug|Any CPU.Build.0 = Debug|Any CPU
		{6FAAFB6A-00E9-4275-9C54-B391683956D5}.Release|Any CPU.ActiveCfg = Release|Any CPU
		{6FAAFB6A-00E9-4275-9C54-B391683956D5}.Release|Any CPU.Build.0 = Release|Any CPU
	EndGlobalSection
	GlobalSection(SolutionProperties) = preSolution
		HideSolutionNode = FALSE
	EndGlobalSection
	GlobalSection(ExtensibilityGlobals) = postSolution
		SolutionGuid = {CEE2B886-5231-4EAD-9113-9676A71E2373}
	EndGlobalSection
EndGlobal
