
Microsoft Visual Studio Solution File, Format Version 12.00
# Visual Studio Version 16
VisualStudioVersion = 16.0.29519.181
MinimumVisualStudioVersion = 10.0.40219.1
Project("{FAE04EC0-301F-11D3-BF4B-00C04F79EFBC}") = "Deck Of Cards", "Deck Of Cards\Deck Of Cards.csproj", "{B95AFED1-EF15-4FDF-90FB-7784CD53A095}"
EndProject
Global
	GlobalSection(SolutionConfigurationPlatforms) = preSolution
		Debug|Any CPU = Debug|Any CPU
		Release|Any CPU = Release|Any CPU
	EndGlobalSection
	GlobalSection(ProjectConfigurationPlatforms) = postSolution
		{B95AFED1-EF15-4FDF-90FB-7784CD53A095}.Debug|Any CPU.ActiveCfg = Debug|Any CPU
		{B95AFED1-EF15-4FDF-90FB-7784CD53A095}.Debug|Any CPU.Build.0 = Debug|Any CPU
		{B95AFED1-EF15-4FDF-90FB-7784CD53A095}.Release|Any CPU.ActiveCfg = Release|Any CPU
		{B95AFED1-EF15-4FDF-90FB-7784CD53A095}.Release|Any CPU.Build.0 = Release|Any CPU
	EndGlobalSection
	GlobalSection(SolutionProperties) = preSolution
		HideSolutionNode = FALSE
	EndGlobalSection
	GlobalSection(ExtensibilityGlobals) = postSolution
		SolutionGuid = {F2460D4C-339F-4E47-86A7-4F717691BDDC}
	EndGlobalSection
EndGlobal
