
Microsoft Visual Studio Solution File, Format Version 12.00
# Visual Studio Version 16
VisualStudioVersion = 16.0.29519.181
MinimumVisualStudioVersion = 10.0.40219.1
Project("{FAE04EC0-301F-11D3-BF4B-00C04F79EFBC}") = "TwoDemArray", "TwoDemArray\TwoDemArray.csproj", "{32F5292E-02B1-4FF9-87C9-F9FE47BDCED9}"
EndProject
Global
	GlobalSection(SolutionConfigurationPlatforms) = preSolution
		Debug|Any CPU = Debug|Any CPU
		Release|Any CPU = Release|Any CPU
	EndGlobalSection
	GlobalSection(ProjectConfigurationPlatforms) = postSolution
		{32F5292E-02B1-4FF9-87C9-F9FE47BDCED9}.Debug|Any CPU.ActiveCfg = Debug|Any CPU
		{32F5292E-02B1-4FF9-87C9-F9FE47BDCED9}.Debug|Any CPU.Build.0 = Debug|Any CPU
		{32F5292E-02B1-4FF9-87C9-F9FE47BDCED9}.Release|Any CPU.ActiveCfg = Release|Any CPU
		{32F5292E-02B1-4FF9-87C9-F9FE47BDCED9}.Release|Any CPU.Build.0 = Release|Any CPU
	EndGlobalSection
	GlobalSection(SolutionProperties) = preSolution
		HideSolutionNode = FALSE
	EndGlobalSection
	GlobalSection(ExtensibilityGlobals) = postSolution
		SolutionGuid = {D302F69C-7F9D-4A68-AB00-FC7BA2B5FDDB}
	EndGlobalSection
EndGlobal
