
Microsoft Visual Studio Solution File, Format Version 12.00
# Visual Studio Version 16
VisualStudioVersion = 16.0.29709.97
MinimumVisualStudioVersion = 10.0.40219.1
Project("{FAE04EC0-301F-11D3-BF4B-00C04F79EFBC}") = "Threads", "Threads\Threads.csproj", "{0772DB2E-A731-4AF1-AFB4-E78E26048793}"
EndProject
Global
	GlobalSection(SolutionConfigurationPlatforms) = preSolution
		Debug|Any CPU = Debug|Any CPU
		Release|Any CPU = Release|Any CPU
	EndGlobalSection
	GlobalSection(ProjectConfigurationPlatforms) = postSolution
		{0772DB2E-A731-4AF1-AFB4-E78E26048793}.Debug|Any CPU.ActiveCfg = Debug|Any CPU
		{0772DB2E-A731-4AF1-AFB4-E78E26048793}.Debug|Any CPU.Build.0 = Debug|Any CPU
		{0772DB2E-A731-4AF1-AFB4-E78E26048793}.Release|Any CPU.ActiveCfg = Release|Any CPU
		{0772DB2E-A731-4AF1-AFB4-E78E26048793}.Release|Any CPU.Build.0 = Release|Any CPU
	EndGlobalSection
	GlobalSection(SolutionProperties) = preSolution
		HideSolutionNode = FALSE
	EndGlobalSection
	GlobalSection(ExtensibilityGlobals) = postSolution
		SolutionGuid = {F0504150-08E6-4AF9-89E4-D903BB88D12F}
	EndGlobalSection
EndGlobal
