
Microsoft Visual Studio Solution File, Format Version 12.00
# Visual Studio Version 16
VisualStudioVersion = 16.0.29519.181
MinimumVisualStudioVersion = 10.0.40219.1
Project("{FAE04EC0-301F-11D3-BF4B-00C04F79EFBC}") = "Conversions", "Conversions\Conversions.csproj", "{753C887C-8FDE-472F-85F5-C6868B90C58F}"
EndProject
Global
	GlobalSection(SolutionConfigurationPlatforms) = preSolution
		Debug|Any CPU = Debug|Any CPU
		Release|Any CPU = Release|Any CPU
	EndGlobalSection
	GlobalSection(ProjectConfigurationPlatforms) = postSolution
		{753C887C-8FDE-472F-85F5-C6868B90C58F}.Debug|Any CPU.ActiveCfg = Debug|Any CPU
		{753C887C-8FDE-472F-85F5-C6868B90C58F}.Debug|Any CPU.Build.0 = Debug|Any CPU
		{753C887C-8FDE-472F-85F5-C6868B90C58F}.Release|Any CPU.ActiveCfg = Release|Any CPU
		{753C887C-8FDE-472F-85F5-C6868B90C58F}.Release|Any CPU.Build.0 = Release|Any CPU
	EndGlobalSection
	GlobalSection(SolutionProperties) = preSolution
		HideSolutionNode = FALSE
	EndGlobalSection
	GlobalSection(ExtensibilityGlobals) = postSolution
		SolutionGuid = {0D1D6273-E89C-4C29-A379-9DD33CA9A8DC}
	EndGlobalSection
EndGlobal
